
Microsoft Visual Studio Solution File, Format Version 12.00
# Visual Studio Version 17
VisualStudioVersion = 17.0.31903.59
MinimumVisualStudioVersion = 10.0.40219.1
Project("{FAE04EC0-301F-11D3-BF4B-00C04F79EFBC}") = "ProcessMonitor.Core", "ProcessMonitor.Core\ProcessMonitor.Core.csproj", "{F973D9EC-CF1E-4053-93C0-524F4CEB2FCC}"
EndProject
Project("{FAE04EC0-301F-11D3-BF4B-00C04F79EFBC}") = "ProcessMonitor.UI", "ProcessMonitor.UI\ProcessMonitor.UI.csproj", "{A6FBA6FD-C2C9-46D7-93E9-EDC28B46B233}"
EndProject
Project("{FAE04EC0-301F-11D3-BF4B-00C04F79EFBC}") = "ProcessMonitor.Tests", "ProcessMonitor.Tests\ProcessMonitor.Tests.csproj", "{D59F9C07-776E-435E-8FCF-790D7A434D4B}"
EndProject
Global
	GlobalSection(SolutionConfigurationPlatforms) = preSolution
		Debug|Any CPU = Debug|Any CPU
		Release|Any CPU = Release|Any CPU
	EndGlobalSection
	GlobalSection(SolutionProperties) = preSolution
		HideSolutionNode = FALSE
	EndGlobalSection
	GlobalSection(ProjectConfigurationPlatforms) = postSolution
		{F973D9EC-CF1E-4053-93C0-524F4CEB2FCC}.Debug|Any CPU.ActiveCfg = Debug|Any CPU
		{F973D9EC-CF1E-4053-93C0-524F4CEB2FCC}.Debug|Any CPU.Build.0 = Debug|Any CPU
		{F973D9EC-CF1E-4053-93C0-524F4CEB2FCC}.Release|Any CPU.ActiveCfg = Release|Any CPU
		{F973D9EC-CF1E-4053-93C0-524F4CEB2FCC}.Release|Any CPU.Build.0 = Release|Any CPU
		{A6FBA6FD-C2C9-46D7-93E9-EDC28B46B233}.Debug|Any CPU.ActiveCfg = Debug|Any CPU
		{A6FBA6FD-C2C9-46D7-93E9-EDC28B46B233}.Debug|Any CPU.Build.0 = Debug|Any CPU
		{A6FBA6FD-C2C9-46D7-93E9-EDC28B46B233}.Release|Any CPU.ActiveCfg = Release|Any CPU
		{A6FBA6FD-C2C9-46D7-93E9-EDC28B46B233}.Release|Any CPU.Build.0 = Release|Any CPU
		{D59F9C07-776E-435E-8FCF-790D7A434D4B}.Debug|Any CPU.ActiveCfg = Debug|Any CPU
		{D59F9C07-776E-435E-8FCF-790D7A434D4B}.Debug|Any CPU.Build.0 = Debug|Any CPU
		{D59F9C07-776E-435E-8FCF-790D7A434D4B}.Release|Any CPU.ActiveCfg = Release|Any CPU
		{D59F9C07-776E-435E-8FCF-790D7A434D4B}.Release|Any CPU.Build.0 = Release|Any CPU
	EndGlobalSection
EndGlobal
